// !$*UTF8*$!
{
	archiveVersion = 1;
	classes = {
	};
	objectVersion = 46;
	objects = {

/* Begin PBXBuildFile section */
		083BE559142922F600CE6C19 /* accelData.sqlite in Resources */ = {isa = PBXBuildFile; fileRef = 083BE558142922F600CE6C19 /* accelData.sqlite */; };
		083BE55C1429233F00CE6C19 /* libsqlite3.0.dylib in Frameworks */ = {isa = PBXBuildFile; fileRef = 083BE55B1429233F00CE6C19 /* libsqlite3.0.dylib */; };
		9EE1D1F8144398370090C5C9 /* CoreLocation.framework in Frameworks */ = {isa = PBXBuildFile; fileRef = 9EE1D1F7144398370090C5C9 /* CoreLocation.framework */; };
		9EE1D1FB144398780090C5C9 /* CoreLocationController.m in Sources */ = {isa = PBXBuildFile; fileRef = 9EE1D1FA144398780090C5C9 /* CoreLocationController.m */; };
		9EEC75731420DECE005A7E22 /* UIKit.framework in Frameworks */ = {isa = PBXBuildFile; fileRef = 9EEC75721420DECE005A7E22 /* UIKit.framework */; };
		9EEC75751420DECE005A7E22 /* Foundation.framework in Frameworks */ = {isa = PBXBuildFile; fileRef = 9EEC75741420DECE005A7E22 /* Foundation.framework */; };
		9EEC75771420DECE005A7E22 /* CoreGraphics.framework in Frameworks */ = {isa = PBXBuildFile; fileRef = 9EEC75761420DECE005A7E22 /* CoreGraphics.framework */; };
		9EEC757D1420DECE005A7E22 /* InfoPlist.strings in Resources */ = {isa = PBXBuildFile; fileRef = 9EEC757B1420DECE005A7E22 /* InfoPlist.strings */; };
		9EEC757F1420DECE005A7E22 /* main.m in Sources */ = {isa = PBXBuildFile; fileRef = 9EEC757E1420DECE005A7E22 /* main.m */; };
		9EEC75831420DECE005A7E22 /* InMotionAppDelegate.m in Sources */ = {isa = PBXBuildFile; fileRef = 9EEC75821420DECE005A7E22 /* InMotionAppDelegate.m */; };
		9EEC75861420DECE005A7E22 /* MainWindow.xib in Resources */ = {isa = PBXBuildFile; fileRef = 9EEC75841420DECE005A7E22 /* MainWindow.xib */; };
		9EEC75891420DECE005A7E22 /* InMotionViewController.m in Sources */ = {isa = PBXBuildFile; fileRef = 9EEC75881420DECE005A7E22 /* InMotionViewController.m */; };
		9EEC758C1420DECE005A7E22 /* InMotionViewController.xib in Resources */ = {isa = PBXBuildFile; fileRef = 9EEC758A1420DECE005A7E22 /* InMotionViewController.xib */; };
/* End PBXBuildFile section */

/* Begin PBXFileReference section */
		083BE558142922F600CE6C19 /* accelData.sqlite */ = {isa = PBXFileReference; lastKnownFileType = file; path = accelData.sqlite; sourceTree = "<group>"; };
		083BE55B1429233F00CE6C19 /* libsqlite3.0.dylib */ = {isa = PBXFileReference; lastKnownFileType = "compiled.mach-o.dylib"; name = libsqlite3.0.dylib; path = usr/lib/libsqlite3.0.dylib; sourceTree = SDKROOT; };
		086BC530142569310066401A /* StoreKit.framework */ = {isa = PBXFileReference; lastKnownFileType = wrapper.framework; name = StoreKit.framework; path = System/Library/Frameworks/StoreKit.framework; sourceTree = SDKROOT; };
		9EE1D1F7144398370090C5C9 /* CoreLocation.framework */ = {isa = PBXFileReference; lastKnownFileType = wrapper.framework; name = CoreLocation.framework; path = System/Library/Frameworks/CoreLocation.framework; sourceTree = SDKROOT; };
		9EE1D1F9144398780090C5C9 /* CoreLocationController.h */ = {isa = PBXFileReference; fileEncoding = 4; lastKnownFileType = sourcecode.c.h; path = CoreLocationController.h; sourceTree = "<group>"; };
		9EE1D1FA144398780090C5C9 /* CoreLocationController.m */ = {isa = PBXFileReference; fileEncoding = 4; lastKnownFileType = sourcecode.c.objc; path = CoreLocationController.m; sourceTree = "<group>"; };
		9EEC756E1420DECE005A7E22 /* InMotion.app */ = {isa = PBXFileReference; explicitFileType = wrapper.application; includeInIndex = 0; path = InMotion.app; sourceTree = BUILT_PRODUCTS_DIR; };
		9EEC75721420DECE005A7E22 /* UIKit.framework */ = {isa = PBXFileReference; lastKnownFileType = wrapper.framework; name = UIKit.framework; path = System/Library/Frameworks/UIKit.framework; sourceTree = SDKROOT; };
		9EEC75741420DECE005A7E22 /* Foundation.framework */ = {isa = PBXFileReference; lastKnownFileType = wrapper.framework; name = Foundation.framework; path = System/Library/Frameworks/Foundation.framework; sourceTree = SDKROOT; };
		9EEC75761420DECE005A7E22 /* CoreGraphics.framework */ = {isa = PBXFileReference; lastKnownFileType = wrapper.framework; name = CoreGraphics.framework; path = System/Library/Frameworks/CoreGraphics.framework; sourceTree = SDKROOT; };
		9EEC757A1420DECE005A7E22 /* InMotion-Info.plist */ = {isa = PBXFileReference; lastKnownFileType = text.plist.xml; path = "InMotion-Info.plist"; sourceTree = "<group>"; };
		9EEC757C1420DECE005A7E22 /* en */ = {isa = PBXFileReference; lastKnownFileType = text.plist.strings; name = en; path = en.lproj/InfoPlist.strings; sourceTree = "<group>"; };
		9EEC757E1420DECE005A7E22 /* main.m */ = {isa = PBXFileReference; lastKnownFileType = sourcecode.c.objc; path = main.m; sourceTree = "<group>"; };
		9EEC75801420DECE005A7E22 /* InMotion-Prefix.pch */ = {isa = PBXFileReference; lastKnownFileType = sourcecode.c.h; path = "InMotion-Prefix.pch"; sourceTree = "<group>"; };
		9EEC75811420DECE005A7E22 /* InMotionAppDelegate.h */ = {isa = PBXFileReference; lastKnownFileType = sourcecode.c.h; path = InMotionAppDelegate.h; sourceTree = "<group>"; };
		9EEC75821420DECE005A7E22 /* InMotionAppDelegate.m */ = {isa = PBXFileReference; lastKnownFileType = sourcecode.c.objc; path = InMotionAppDelegate.m; sourceTree = "<group>"; };
		9EEC75851420DECE005A7E22 /* en */ = {isa = PBXFileReference; lastKnownFileType = file.xib; name = en; path = en.lproj/MainWindow.xib; sourceTree = "<group>"; };
		9EEC75871420DECE005A7E22 /* InMotionViewController.h */ = {isa = PBXFileReference; lastKnownFileType = sourcecode.c.h; path = InMotionViewController.h; sourceTree = "<group>"; };
		9EEC75881420DECE005A7E22 /* InMotionViewController.m */ = {isa = PBXFileReference; lastKnownFileType = sourcecode.c.objc; path = InMotionViewController.m; sourceTree = "<group>"; };
		9EEC758B1420DECE005A7E22 /* en */ = {isa = PBXFileReference; lastKnownFileType = file.xib; name = en; path = en.lproj/InMotionViewController.xib; sourceTree = "<group>"; };
/* End PBXFileReference section */

/* Begin PBXFrameworksBuildPhase section */
		9EEC756B1420DECE005A7E22 /* Frameworks */ = {
			isa = PBXFrameworksBuildPhase;
			buildActionMask = 2147483647;
			files = (
				9EE1D1F8144398370090C5C9 /* CoreLocation.framework in Frameworks */,
				083BE55C1429233F00CE6C19 /* libsqlite3.0.dylib in Frameworks */,
				9EEC75731420DECE005A7E22 /* UIKit.framework in Frameworks */,
				9EEC75751420DECE005A7E22 /* Foundation.framework in Frameworks */,
				9EEC75771420DECE005A7E22 /* CoreGraphics.framework in Frameworks */,
			);
			runOnlyForDeploymentPostprocessing = 0;
		};
/* End PBXFrameworksBuildPhase section */

/* Begin PBXGroup section */
		9EEC75631420DECD005A7E22 = {
			isa = PBXGroup;
			children = (
				9EE1D1F7144398370090C5C9 /* CoreLocation.framework */,
				083BE55B1429233F00CE6C19 /* libsqlite3.0.dylib */,
				083BE558142922F600CE6C19 /* accelData.sqlite */,
				086BC530142569310066401A /* StoreKit.framework */,
				9EEC75781420DECE005A7E22 /* InMotion */,
				9EEC75711420DECE005A7E22 /* Frameworks */,
				9EEC756F1420DECE005A7E22 /* Products */,
			);
			sourceTree = "<group>";
		};
		9EEC756F1420DECE005A7E22 /* Products */ = {
			isa = PBXGroup;
			children = (
				9EEC756E1420DECE005A7E22 /* InMotion.app */,
			);
			name = Products;
			sourceTree = "<group>";
		};
		9EEC75711420DECE005A7E22 /* Frameworks */ = {
			isa = PBXGroup;
			children = (
				9EEC75721420DECE005A7E22 /* UIKit.framework */,
				9EEC75741420DECE005A7E22 /* Foundation.framework */,
				9EEC75761420DECE005A7E22 /* CoreGraphics.framework */,
			);
			name = Frameworks;
			sourceTree = "<group>";
		};
		9EEC75781420DECE005A7E22 /* InMotion */ = {
			isa = PBXGroup;
			children = (
				9EEC75811420DECE005A7E22 /* InMotionAppDelegate.h */,
				9EEC75821420DECE005A7E22 /* InMotionAppDelegate.m */,
				9EEC75841420DECE005A7E22 /* MainWindow.xib */,
				9EEC75871420DECE005A7E22 /* InMotionViewController.h */,
				9EEC75881420DECE005A7E22 /* InMotionViewController.m */,
				9EEC758A1420DECE005A7E22 /* InMotionViewController.xib */,
				9EEC75791420DECE005A7E22 /* Supporting Files */,
				9EE1D1F9144398780090C5C9 /* CoreLocationController.h */,
				9EE1D1FA144398780090C5C9 /* CoreLocationController.m */,
			);
			path = InMotion;
			sourceTree = "<group>";
		};
		9EEC75791420DECE005A7E22 /* Supporting Files */ = {
			isa = PBXGroup;
			children = (
				9EEC757A1420DECE005A7E22 /* InMotion-Info.plist */,
				9EEC757B1420DECE005A7E22 /* InfoPlist.strings */,
				9EEC757E1420DECE005A7E22 /* main.m */,
				9EEC75801420DECE005A7E22 /* InMotion-Prefix.pch */,
			);
			name = "Supporting Files";
			sourceTree = "<group>";
		};
/* End PBXGroup section */

/* Begin PBXNativeTarget section */
		9EEC756D1420DECE005A7E22 /* InMotion */ = {
			isa = PBXNativeTarget;
			buildConfigurationList = 9EEC758F1420DECE005A7E22 /* Build configuration list for PBXNativeTarget "InMotion" */;
			buildPhases = (
				9EEC756A1420DECE005A7E22 /* Sources */,
				9EEC756B1420DECE005A7E22 /* Frameworks */,
				9EEC756C1420DECE005A7E22 /* Resources */,
			);
			buildRules = (
			);
			dependencies = (
			);
			name = InMotion;
			productName = InMotion;
			productReference = 9EEC756E1420DECE005A7E22 /* InMotion.app */;
			productType = "com.apple.product-type.application";
		};
/* End PBXNativeTarget section */

/* Begin PBXProject section */
		9EEC75651420DECE005A7E22 /* Project object */ = {
			isa = PBXProject;
			attributes = {
				LastUpgradeCheck = 0420;
			};
			buildConfigurationList = 9EEC75681420DECE005A7E22 /* Build configuration list for PBXProject "InMotion" */;
			compatibilityVersion = "Xcode 3.2";
			developmentRegion = English;
			hasScannedForEncodings = 0;
			knownRegions = (
				en,
			);
			mainGroup = 9EEC75631420DECD005A7E22;
			productRefGroup = 9EEC756F1420DECE005A7E22 /* Products */;
			projectDirPath = "";
			projectRoot = "";
			targets = (
				9EEC756D1420DECE005A7E22 /* InMotion */,
			);
		};
/* End PBXProject section */

/* Begin PBXResourcesBuildPhase section */
		9EEC756C1420DECE005A7E22 /* Resources */ = {
			isa = PBXResourcesBuildPhase;
			buildActionMask = 2147483647;
			files = (
				9EEC757D1420DECE005A7E22 /* InfoPlist.strings in Resources */,
				9EEC75861420DECE005A7E22 /* MainWindow.xib in Resources */,
				9EEC758C1420DECE005A7E22 /* InMotionViewController.xib in Resources */,
				083BE559142922F600CE6C19 /* accelData.sqlite in Resources */,
			);
			runOnlyForDeploymentPostprocessing = 0;
		};
/* End PBXResourcesBuildPhase section */

/* Begin PBXSourcesBuildPhase section */
		9EEC756A1420DECE005A7E22 /* Sources */ = {
			isa = PBXSourcesBuildPhase;
			buildActionMask = 2147483647;
			files = (
				9EEC757F1420DECE005A7E22 /* main.m in Sources */,
				9EEC75831420DECE005A7E22 /* InMotionAppDelegate.m in Sources */,
				9EEC75891420DECE005A7E22 /* InMotionViewController.m in Sources */,
				9EE1D1FB144398780090C5C9 /* CoreLocationController.m in Sources */,
			);
			runOnlyForDeploymentPostprocessing = 0;
		};
/* End PBXSourcesBuildPhase section */

/* Begin PBXVariantGroup section */
		9EEC757B1420DECE005A7E22 /* InfoPlist.strings */ = {
			isa = PBXVariantGroup;
			children = (
				9EEC757C1420DECE005A7E22 /* en */,
			);
			name = InfoPlist.strings;
			sourceTree = "<group>";
		};
		9EEC75841420DECE005A7E22 /* MainWindow.xib */ = {
			isa = PBXVariantGroup;
			children = (
				9EEC75851420DECE005A7E22 /* en */,
			);
			name = MainWindow.xib;
			sourceTree = "<group>";
		};
		9EEC758A1420DECE005A7E22 /* InMotionViewController.xib */ = {
			isa = PBXVariantGroup;
			children = (
				9EEC758B1420DECE005A7E22 /* en */,
			);
			name = InMotionViewController.xib;
			sourceTree = "<group>";
		};
/* End PBXVariantGroup section */

/* Begin XCBuildConfiguration section */
		9EEC758D1420DECE005A7E22 /* Debug */ = {
			isa = XCBuildConfiguration;
			buildSettings = {
				ALWAYS_SEARCH_USER_PATHS = NO;
				ARCHS = "$(ARCHS_STANDARD_32_BIT)";
				"CODE_SIGN_IDENTITY[sdk=iphoneos*]" = "iPhone Developer";
				COPY_PHASE_STRIP = NO;
				GCC_C_LANGUAGE_STANDARD = gnu99;
				GCC_DYNAMIC_NO_PIC = NO;
				GCC_OPTIMIZATION_LEVEL = 0;
				GCC_PREPROCESSOR_DEFINITIONS = (
					"DEBUG=1",
					"$(inherited)",
				);
				GCC_SYMBOLS_PRIVATE_EXTERN = NO;
				GCC_VERSION = com.apple.compilers.llvmgcc42;
				GCC_WARN_ABOUT_MISSING_PROTOTYPES = YES;
				GCC_WARN_ABOUT_RETURN_TYPE = YES;
				GCC_WARN_UNUSED_VARIABLE = YES;
				IPHONEOS_DEPLOYMENT_TARGET = 4.3;
				SDKROOT = iphoneos;
			};
			name = Debug;
		};
		9EEC758E1420DECE005A7E22 /* Release */ = {
			isa = XCBuildConfiguration;
			buildSettings = {
				ALWAYS_SEARCH_USER_PATHS = NO;
				ARCHS = "$(ARCHS_STANDARD_32_BIT)";
				"CODE_SIGN_IDENTITY[sdk=iphoneos*]" = "iPhone Developer";
				COPY_PHASE_STRIP = YES;
				GCC_C_LANGUAGE_STANDARD = gnu99;
				GCC_VERSION = com.apple.compilers.llvmgcc42;
				GCC_WARN_ABOUT_MISSING_PROTOTYPES = YES;
				GCC_WARN_ABOUT_RETURN_TYPE = YES;
				GCC_WARN_UNUSED_VARIABLE = YES;
				IPHONEOS_DEPLOYMENT_TARGET = 4.3;
				OTHER_CFLAGS = "-DNS_BLOCK_ASSERTIONS=1";
				SDKROOT = iphoneos;
				VALIDATE_PRODUCT = YES;
			};
			name = Release;
		};
		9EEC75901420DECE005A7E22 /* Debug */ = {
			isa = XCBuildConfiguration;
			buildSettings = {
				GCC_PRECOMPILE_PREFIX_HEADER = YES;
				GCC_PREFIX_HEADER = "InMotion/InMotion-Prefix.pch";
				INFOPLIST_FILE = "InMotion/InMotion-Info.plist";
				PRODUCT_NAME = "$(TARGET_NAME)";
				WRAPPER_EXTENSION = app;
			};
			name = Debug;
		};
		9EEC75911420DECE005A7E22 /* Release */ = {
			isa = XCBuildConfiguration;
			buildSettings = {
				GCC_PRECOMPILE_PREFIX_HEADER = YES;
				GCC_PREFIX_HEADER = "InMotion/InMotion-Prefix.pch";
				INFOPLIST_FILE = "InMotion/InMotion-Info.plist";
				PRODUCT_NAME = "$(TARGET_NAME)";
				WRAPPER_EXTENSION = app;
			};
			name = Release;
		};
/* End XCBuildConfiguration section */

/* Begin XCConfigurationList section */
		9EEC75681420DECE005A7E22 /* Build configuration list for PBXProject "InMotion" */ = {
			isa = XCConfigurationList;
			buildConfigurations = (
				9EEC758D1420DECE005A7E22 /* Debug */,
				9EEC758E1420DECE005A7E22 /* Release */,
			);
			defaultConfigurationIsVisible = 0;
			defaultConfigurationName = Release;
		};
		9EEC758F1420DECE005A7E22 /* Build configuration list for PBXNativeTarget "InMotion" */ = {
			isa = XCConfigurationList;
			buildConfigurations = (
				9EEC75901420DECE005A7E22 /* Debug */,
				9EEC75911420DECE005A7E22 /* Release */,
			);
			defaultConfigurationIsVisible = 0;
			defaultConfigurationName = Release;
		};
/* End XCConfigurationList section */
	};
	rootObject = 9EEC75651420DECE005A7E22 /* Project object */;
}
